// !$*UTF8*$!
{
	archiveVersion = 1;
	classes = {
	};
	objectVersion = 46;
	objects = {

/* Begin PBXBuildFile section */
		C4238C661A59993E0053B83C /* BNRImageStore.m in Sources */ = {isa = PBXBuildFile; fileRef = C4238C651A59993E0053B83C /* BNRImageStore.m */; };
		C467267C1A576BC500CB28BD /* HeaderView.xib in Resources */ = {isa = PBXBuildFile; fileRef = C467267B1A576BC500CB28BD /* HeaderView.xib */; };
		C46726801A584A3700CB28BD /* BNRDetailViewController.m in Sources */ = {isa = PBXBuildFile; fileRef = C467267E1A584A3700CB28BD /* BNRDetailViewController.m */; };
		C46726811A584A3700CB28BD /* BNRDetailViewController.xib in Resources */ = {isa = PBXBuildFile; fileRef = C467267F1A584A3700CB28BD /* BNRDetailViewController.xib */; };
		C4B135B61A50AF4B0083E2C0 /* main.m in Sources */ = {isa = PBXBuildFile; fileRef = C4B135B51A50AF4B0083E2C0 /* main.m */; };
		C4B135B91A50AF4B0083E2C0 /* AppDelegate.m in Sources */ = {isa = PBXBuildFile; fileRef = C4B135B81A50AF4B0083E2C0 /* AppDelegate.m */; };
		C4B135BC1A50AF4B0083E2C0 /* ViewController.m in Sources */ = {isa = PBXBuildFile; fileRef = C4B135BB1A50AF4B0083E2C0 /* ViewController.m */; };
		C4B135BF1A50AF4B0083E2C0 /* Main.storyboard in Resources */ = {isa = PBXBuildFile; fileRef = C4B135BD1A50AF4B0083E2C0 /* Main.storyboard */; };
		C4B135C11A50AF4B0083E2C0 /* Images.xcassets in Resources */ = {isa = PBXBuildFile; fileRef = C4B135C01A50AF4B0083E2C0 /* Images.xcassets */; };
		C4B135C41A50AF4B0083E2C0 /* LaunchScreen.xib in Resources */ = {isa = PBXBuildFile; fileRef = C4B135C21A50AF4B0083E2C0 /* LaunchScreen.xib */; };
		C4B135D01A50AF4B0083E2C0 /* HomepwnerTests.m in Sources */ = {isa = PBXBuildFile; fileRef = C4B135CF1A50AF4B0083E2C0 /* HomepwnerTests.m */; };
		C4B135DB1A50B0050083E2C0 /* BNRItemsViewController.m in Sources */ = {isa = PBXBuildFile; fileRef = C4B135DA1A50B0050083E2C0 /* BNRItemsViewController.m */; };
		C4B135DE1A50B2780083E2C0 /* BNRItem.m in Sources */ = {isa = PBXBuildFile; fileRef = C4B135DD1A50B2780083E2C0 /* BNRItem.m */; };
		C4B135E11A50B3040083E2C0 /* BNRItemStore.m in Sources */ = {isa = PBXBuildFile; fileRef = C4B135E01A50B3040083E2C0 /* BNRItemStore.m */; };
/* End PBXBuildFile section */

/* Begin PBXContainerItemProxy section */
		C4B135CA1A50AF4B0083E2C0 /* PBXContainerItemProxy */ = {
			isa = PBXContainerItemProxy;
			containerPortal = C4B135A81A50AF4B0083E2C0 /* Project object */;
			proxyType = 1;
			remoteGlobalIDString = C4B135AF1A50AF4B0083E2C0;
			remoteInfo = Homepwner;
		};
/* End PBXContainerItemProxy section */

/* Begin PBXFileReference section */
		C4238C641A59993E0053B83C /* BNRImageStore.h */ = {isa = PBXFileReference; fileEncoding = 4; lastKnownFileType = sourcecode.c.h; path = BNRImageStore.h; sourceTree = "<group>"; };
		C4238C651A59993E0053B83C /* BNRImageStore.m */ = {isa = PBXFileReference; fileEncoding = 4; lastKnownFileType = sourcecode.c.objc; path = BNRImageStore.m; sourceTree = "<group>"; };
		C467267B1A576BC500CB28BD /* HeaderView.xib */ = {isa = PBXFileReference; fileEncoding = 4; lastKnownFileType = file.xib; path = HeaderView.xib; sourceTree = "<group>"; };
		C467267D1A584A3700CB28BD /* BNRDetailViewController.h */ = {isa = PBXFileReference; fileEncoding = 4; lastKnownFileType = sourcecode.c.h; path = BNRDetailViewController.h; sourceTree = "<group>"; };
		C467267E1A584A3700CB28BD /* BNRDetailViewController.m */ = {isa = PBXFileReference; fileEncoding = 4; lastKnownFileType = sourcecode.c.objc; path = BNRDetailViewController.m; sourceTree = "<group>"; };
		C467267F1A584A3700CB28BD /* BNRDetailViewController.xib */ = {isa = PBXFileReference; fileEncoding = 4; lastKnownFileType = file.xib; path = BNRDetailViewController.xib; sourceTree = "<group>"; };
		C4B135B01A50AF4B0083E2C0 /* Homepwner.app */ = {isa = PBXFileReference; explicitFileType = wrapper.application; includeInIndex = 0; path = Homepwner.app; sourceTree = BUILT_PRODUCTS_DIR; };
		C4B135B41A50AF4B0083E2C0 /* Info.plist */ = {isa = PBXFileReference; lastKnownFileType = text.plist.xml; path = Info.plist; sourceTree = "<group>"; };
		C4B135B51A50AF4B0083E2C0 /* main.m */ = {isa = PBXFileReference; lastKnownFileType = sourcecode.c.objc; path = main.m; sourceTree = "<group>"; };
		C4B135B71A50AF4B0083E2C0 /* AppDelegate.h */ = {isa = PBXFileReference; lastKnownFileType = sourcecode.c.h; path = AppDelegate.h; sourceTree = "<group>"; };
		C4B135B81A50AF4B0083E2C0 /* AppDelegate.m */ = {isa = PBXFileReference; lastKnownFileType = sourcecode.c.objc; path = AppDelegate.m; sourceTree = "<group>"; };
		C4B135BA1A50AF4B0083E2C0 /* ViewController.h */ = {isa = PBXFileReference; lastKnownFileType = sourcecode.c.h; path = ViewController.h; sourceTree = "<group>"; };
		C4B135BB1A50AF4B0083E2C0 /* ViewController.m */ = {isa = PBXFileReference; lastKnownFileType = sourcecode.c.objc; path = ViewController.m; sourceTree = "<group>"; };
		C4B135BE1A50AF4B0083E2C0 /* Base */ = {isa = PBXFileReference; lastKnownFileType = file.storyboard; name = Base; path = Base.lproj/Main.storyboard; sourceTree = "<group>"; };
		C4B135C01A50AF4B0083E2C0 /* Images.xcassets */ = {isa = PBXFileReference; lastKnownFileType = folder.assetcatalog; path = Images.xcassets; sourceTree = "<group>"; };
		C4B135C31A50AF4B0083E2C0 /* Base */ = {isa = PBXFileReference; lastKnownFileType = file.xib; name = Base; path = Base.lproj/LaunchScreen.xib; sourceTree = "<group>"; };
		C4B135C91A50AF4B0083E2C0 /* HomepwnerTests.xctest */ = {isa = PBXFileReference; explicitFileType = wrapper.cfbundle; includeInIndex = 0; path = HomepwnerTests.xctest; sourceTree = BUILT_PRODUCTS_DIR; };
		C4B135CE1A50AF4B0083E2C0 /* Info.plist */ = {isa = PBXFileReference; lastKnownFileType = text.plist.xml; path = Info.plist; sourceTree = "<group>"; };
		C4B135CF1A50AF4B0083E2C0 /* HomepwnerTests.m */ = {isa = PBXFileReference; lastKnownFileType = sourcecode.c.objc; path = HomepwnerTests.m; sourceTree = "<group>"; };
		C4B135D91A50B0050083E2C0 /* BNRItemsViewController.h */ = {isa = PBXFileReference; fileEncoding = 4; lastKnownFileType = sourcecode.c.h; path = BNRItemsViewController.h; sourceTree = "<group>"; };
		C4B135DA1A50B0050083E2C0 /* BNRItemsViewController.m */ = {isa = PBXFileReference; fileEncoding = 4; lastKnownFileType = sourcecode.c.objc; path = BNRItemsViewController.m; sourceTree = "<group>"; };
		C4B135DC1A50B2780083E2C0 /* BNRItem.h */ = {isa = PBXFileReference; fileEncoding = 4; lastKnownFileType = sourcecode.c.h; path = BNRItem.h; sourceTree = "<group>"; };
		C4B135DD1A50B2780083E2C0 /* BNRItem.m */ = {isa = PBXFileReference; fileEncoding = 4; lastKnownFileType = sourcecode.c.objc; path = BNRItem.m; sourceTree = "<group>"; };
		C4B135DF1A50B3040083E2C0 /* BNRItemStore.h */ = {isa = PBXFileReference; fileEncoding = 4; lastKnownFileType = sourcecode.c.h; path = BNRItemStore.h; sourceTree = "<group>"; };
		C4B135E01A50B3040083E2C0 /* BNRItemStore.m */ = {isa = PBXFileReference; fileEncoding = 4; lastKnownFileType = sourcecode.c.objc; path = BNRItemStore.m; sourceTree = "<group>"; };
/* End PBXFileReference section */

/* Begin PBXFrameworksBuildPhase section */
		C4B135AD1A50AF4B0083E2C0 /* Frameworks */ = {
			isa = PBXFrameworksBuildPhase;
			buildActionMask = 2147483647;
			files = (
			);
			runOnlyForDeploymentPostprocessing = 0;
		};
		C4B135C61A50AF4B0083E2C0 /* Frameworks */ = {
			isa = PBXFrameworksBuildPhase;
			buildActionMask = 2147483647;
			files = (
			);
			runOnlyForDeploymentPostprocessing = 0;
		};
/* End PBXFrameworksBuildPhase section */

/* Begin PBXGroup section */
		C4B135A71A50AF4B0083E2C0 = {
			isa = PBXGroup;
			children = (
				C4B135B21A50AF4B0083E2C0 /* Homepwner */,
				C4B135CC1A50AF4B0083E2C0 /* HomepwnerTests */,
				C4B135B11A50AF4B0083E2C0 /* Products */,
			);
			sourceTree = "<group>";
		};
		C4B135B11A50AF4B0083E2C0 /* Products */ = {
			isa = PBXGroup;
			children = (
				C4B135B01A50AF4B0083E2C0 /* Homepwner.app */,
				C4B135C91A50AF4B0083E2C0 /* HomepwnerTests.xctest */,
			);
			name = Products;
			sourceTree = "<group>";
		};
		C4B135B21A50AF4B0083E2C0 /* Homepwner */ = {
			isa = PBXGroup;
			children = (
				C4B135DC1A50B2780083E2C0 /* BNRItem.h */,
				C4B135DD1A50B2780083E2C0 /* BNRItem.m */,
				C4B135DF1A50B3040083E2C0 /* BNRItemStore.h */,
				C4B135E01A50B3040083E2C0 /* BNRItemStore.m */,
				C4B135D91A50B0050083E2C0 /* BNRItemsViewController.h */,
				C4B135DA1A50B0050083E2C0 /* BNRItemsViewController.m */,
				C467267B1A576BC500CB28BD /* HeaderView.xib */,
				C4B135B71A50AF4B0083E2C0 /* AppDelegate.h */,
				C4B135B81A50AF4B0083E2C0 /* AppDelegate.m */,
				C467267D1A584A3700CB28BD /* BNRDetailViewController.h */,
				C467267E1A584A3700CB28BD /* BNRDetailViewController.m */,
				C4238C641A59993E0053B83C /* BNRImageStore.h */,
				C4238C651A59993E0053B83C /* BNRImageStore.m */,
				C467267F1A584A3700CB28BD /* BNRDetailViewController.xib */,
				C4B135BA1A50AF4B0083E2C0 /* ViewController.h */,
				C4B135BB1A50AF4B0083E2C0 /* ViewController.m */,
				C4B135BD1A50AF4B0083E2C0 /* Main.storyboard */,
				C4B135C01A50AF4B0083E2C0 /* Images.xcassets */,
				C4B135C21A50AF4B0083E2C0 /* LaunchScreen.xib */,
				C4B135B31A50AF4B0083E2C0 /* Supporting Files */,
			);
			path = Homepwner;
			sourceTree = "<group>";
		};
		C4B135B31A50AF4B0083E2C0 /* Supporting Files */ = {
			isa = PBXGroup;
			children = (
				C4B135B41A50AF4B0083E2C0 /* Info.plist */,
				C4B135B51A50AF4B0083E2C0 /* main.m */,
			);
			name = "Supporting Files";
			sourceTree = "<group>";
		};
		C4B135CC1A50AF4B0083E2C0 /* HomepwnerTests */ = {
			isa = PBXGroup;
			children = (
				C4B135CF1A50AF4B0083E2C0 /* HomepwnerTests.m */,
				C4B135CD1A50AF4B0083E2C0 /* Supporting Files */,
			);
			path = HomepwnerTests;
			sourceTree = "<group>";
		};
		C4B135CD1A50AF4B0083E2C0 /* Supporting Files */ = {
			isa = PBXGroup;
			children = (
				C4B135CE1A50AF4B0083E2C0 /* Info.plist */,
			);
			name = "Supporting Files";
			sourceTree = "<group>";
		};
/* End PBXGroup section */

/* Begin PBXNativeTarget section */
		C4B135AF1A50AF4B0083E2C0 /* Homepwner */ = {
			isa = PBXNativeTarget;
			buildConfigurationList = C4B135D31A50AF4B0083E2C0 /* Build configuration list for PBXNativeTarget "Homepwner" */;
			buildPhases = (
				C4B135AC1A50AF4B0083E2C0 /* Sources */,
				C4B135AD1A50AF4B0083E2C0 /* Frameworks */,
				C4B135AE1A50AF4B0083E2C0 /* Resources */,
			);
			buildRules = (
			);
			dependencies = (
			);
			name = Homepwner;
			productName = Homepwner;
			productReference = C4B135B01A50AF4B0083E2C0 /* Homepwner.app */;
			productType = "com.apple.product-type.application";
		};
		C4B135C81A50AF4B0083E2C0 /* HomepwnerTests */ = {
			isa = PBXNativeTarget;
			buildConfigurationList = C4B135D61A50AF4B0083E2C0 /* Build configuration list for PBXNativeTarget "HomepwnerTests" */;
			buildPhases = (
				C4B135C51A50AF4B0083E2C0 /* Sources */,
				C4B135C61A50AF4B0083E2C0 /* Frameworks */,
				C4B135C71A50AF4B0083E2C0 /* Resources */,
			);
			buildRules = (
			);
			dependencies = (
				C4B135CB1A50AF4B0083E2C0 /* PBXTargetDependency */,
			);
			name = HomepwnerTests;
			productName = HomepwnerTests;
			productReference = C4B135C91A50AF4B0083E2C0 /* HomepwnerTests.xctest */;
			productType = "com.apple.product-type.bundle.unit-test";
		};
/* End PBXNativeTarget section */

/* Begin PBXProject section */
		C4B135A81A50AF4B0083E2C0 /* Project object */ = {
			isa = PBXProject;
			attributes = {
				LastUpgradeCheck = 0610;
				ORGANIZATIONNAME = "Scott W Fischer Integration";
				TargetAttributes = {
					C4B135AF1A50AF4B0083E2C0 = {
						CreatedOnToolsVersion = 6.1.1;
					};
					C4B135C81A50AF4B0083E2C0 = {
						CreatedOnToolsVersion = 6.1.1;
						TestTargetID = C4B135AF1A50AF4B0083E2C0;
					};
				};
			};
			buildConfigurationList = C4B135AB1A50AF4B0083E2C0 /* Build configuration list for PBXProject "Homepwner" */;
			compatibilityVersion = "Xcode 3.2";
			developmentRegion = English;
			hasScannedForEncodings = 0;
			knownRegions = (
				en,
				Base,
			);
			mainGroup = C4B135A71A50AF4B0083E2C0;
			productRefGroup = C4B135B11A50AF4B0083E2C0 /* Products */;
			projectDirPath = "";
			projectRoot = "";
			targets = (
				C4B135AF1A50AF4B0083E2C0 /* Homepwner */,
				C4B135C81A50AF4B0083E2C0 /* HomepwnerTests */,
			);
		};
/* End PBXProject section */

/* Begin PBXResourcesBuildPhase section */
		C4B135AE1A50AF4B0083E2C0 /* Resources */ = {
			isa = PBXResourcesBuildPhase;
			buildActionMask = 2147483647;
			files = (
				C4B135BF1A50AF4B0083E2C0 /* Main.storyboard in Resources */,
				C4B135C41A50AF4B0083E2C0 /* LaunchScreen.xib in Resources */,
				C4B135C11A50AF4B0083E2C0 /* Images.xcassets in Resources */,
				C467267C1A576BC500CB28BD /* HeaderView.xib in Resources */,
				C46726811A584A3700CB28BD /* BNRDetailViewController.xib in Resources */,
			);
			runOnlyForDeploymentPostprocessing = 0;
		};
		C4B135C71A50AF4B0083E2C0 /* Resources */ = {
			isa = PBXResourcesBuildPhase;
			buildActionMask = 2147483647;
			files = (
			);
			runOnlyForDeploymentPostprocessing = 0;
		};
/* End PBXResourcesBuildPhase section */

/* Begin PBXSourcesBuildPhase section */
		C4B135AC1A50AF4B0083E2C0 /* Sources */ = {
			isa = PBXSourcesBuildPhase;
			buildActionMask = 2147483647;
			files = (
				C4B135BC1A50AF4B0083E2C0 /* ViewController.m in Sources */,
				C4B135B91A50AF4B0083E2C0 /* AppDelegate.m in Sources */,
				C4B135DE1A50B2780083E2C0 /* BNRItem.m in Sources */,
				C46726801A584A3700CB28BD /* BNRDetailViewController.m in Sources */,
				C4238C661A59993E0053B83C /* BNRImageStore.m in Sources */,
				C4B135DB1A50B0050083E2C0 /* BNRItemsViewController.m in Sources */,
				C4B135B61A50AF4B0083E2C0 /* main.m in Sources */,
				C4B135E11A50B3040083E2C0 /* BNRItemStore.m in Sources */,
			);
			runOnlyForDeploymentPostprocessing = 0;
		};
		C4B135C51A50AF4B0083E2C0 /* Sources */ = {
			isa = PBXSourcesBuildPhase;
			buildActionMask = 2147483647;
			files = (
				C4B135D01A50AF4B0083E2C0 /* HomepwnerTests.m in Sources */,
			);
			runOnlyForDeploymentPostprocessing = 0;
		};
/* End PBXSourcesBuildPhase section */

/* Begin PBXTargetDependency section */
		C4B135CB1A50AF4B0083E2C0 /* PBXTargetDependency */ = {
			isa = PBXTargetDependency;
			target = C4B135AF1A50AF4B0083E2C0 /* Homepwner */;
			targetProxy = C4B135CA1A50AF4B0083E2C0 /* PBXContainerItemProxy */;
		};
/* End PBXTargetDependency section */

/* Begin PBXVariantGroup section */
		C4B135BD1A50AF4B0083E2C0 /* Main.storyboard */ = {
			isa = PBXVariantGroup;
			children = (
				C4B135BE1A50AF4B0083E2C0 /* Base */,
			);
			name = Main.storyboard;
			sourceTree = "<group>";
		};
		C4B135C21A50AF4B0083E2C0 /* LaunchScreen.xib */ = {
			isa = PBXVariantGroup;
			children = (
				C4B135C31A50AF4B0083E2C0 /* Base */,
			);
			name = LaunchScreen.xib;
			sourceTree = "<group>";
		};
/* End PBXVariantGroup section */

/* Begin XCBuildConfiguration section */
		C4B135D11A50AF4B0083E2C0 /* Debug */ = {
			isa = XCBuildConfiguration;
			buildSettings = {
				ALWAYS_SEARCH_USER_PATHS = NO;
				CLANG_CXX_LANGUAGE_STANDARD = "gnu++0x";
				CLANG_CXX_LIBRARY = "libc++";
				CLANG_ENABLE_MODULES = YES;
				CLANG_ENABLE_OBJC_ARC = YES;
				CLANG_WARN_BOOL_CONVERSION = YES;
				CLANG_WARN_CONSTANT_CONVERSION = YES;
				CLANG_WARN_DIRECT_OBJC_ISA_USAGE = YES_ERROR;
				CLANG_WARN_EMPTY_BODY = YES;
				CLANG_WARN_ENUM_CONVERSION = YES;
				CLANG_WARN_INT_CONVERSION = YES;
				CLANG_WARN_OBJC_ROOT_CLASS = YES_ERROR;
				CLANG_WARN_UNREACHABLE_CODE = YES;
				CLANG_WARN__DUPLICATE_METHOD_MATCH = YES;
				"CODE_SIGN_IDENTITY[sdk=iphoneos*]" = "iPhone Developer";
				COPY_PHASE_STRIP = NO;
				ENABLE_STRICT_OBJC_MSGSEND = YES;
				GCC_C_LANGUAGE_STANDARD = gnu99;
				GCC_DYNAMIC_NO_PIC = NO;
				GCC_OPTIMIZATION_LEVEL = 0;
				GCC_PREPROCESSOR_DEFINITIONS = (
					"DEBUG=1",
					"$(inherited)",
				);
				GCC_SYMBOLS_PRIVATE_EXTERN = NO;
				GCC_WARN_64_TO_32_BIT_CONVERSION = YES;
				GCC_WARN_ABOUT_RETURN_TYPE = YES_ERROR;
				GCC_WARN_UNDECLARED_SELECTOR = YES;
				GCC_WARN_UNINITIALIZED_AUTOS = YES_AGGRESSIVE;
				GCC_WARN_UNUSED_FUNCTION = YES;
				GCC_WARN_UNUSED_VARIABLE = YES;
				IPHONEOS_DEPLOYMENT_TARGET = 8.1;
				MTL_ENABLE_DEBUG_INFO = YES;
				ONLY_ACTIVE_ARCH = YES;
				SDKROOT = iphoneos;
			};
			name = Debug;
		};
		C4B135D21A50AF4B0083E2C0 /* Release */ = {
			isa = XCBuildConfiguration;
			buildSettings = {
				ALWAYS_SEARCH_USER_PATHS = NO;
				CLANG_CXX_LANGUAGE_STANDARD = "gnu++0x";
				CLANG_CXX_LIBRARY = "libc++";
				CLANG_ENABLE_MODULES = YES;
				CLANG_ENABLE_OBJC_ARC = YES;
				CLANG_WARN_BOOL_CONVERSION = YES;
				CLANG_WARN_CONSTANT_CONVERSION = YES;
				CLANG_WARN_DIRECT_OBJC_ISA_USAGE = YES_ERROR;
				CLANG_WARN_EMPTY_BODY = YES;
				CLANG_WARN_ENUM_CONVERSION = YES;
				CLANG_WARN_INT_CONVERSION = YES;
				CLANG_WARN_OBJC_ROOT_CLASS = YES_ERROR;
				CLANG_WARN_UNREACHABLE_CODE = YES;
				CLANG_WARN__DUPLICATE_METHOD_MATCH = YES;
				"CODE_SIGN_IDENTITY[sdk=iphoneos*]" = "iPhone Developer";
				COPY_PHASE_STRIP = YES;
				ENABLE_NS_ASSERTIONS = NO;
				ENABLE_STRICT_OBJC_MSGSEND = YES;
				GCC_C_LANGUAGE_STANDARD = gnu99;
				GCC_WARN_64_TO_32_BIT_CONVERSION = YES;
				GCC_WARN_ABOUT_RETURN_TYPE = YES_ERROR;
				GCC_WARN_UNDECLARED_SELECTOR = YES;
				GCC_WARN_UNINITIALIZED_AUTOS = YES_AGGRESSIVE;
				GCC_WARN_UNUSED_FUNCTION = YES;
				GCC_WARN_UNUSED_VARIABLE = YES;
				IPHONEOS_DEPLOYMENT_TARGET = 8.1;
				MTL_ENABLE_DEBUG_INFO = NO;
				SDKROOT = iphoneos;
				VALIDATE_PRODUCT = YES;
			};
			name = Release;
		};
		C4B135D41A50AF4B0083E2C0 /* Debug */ = {
			isa = XCBuildConfiguration;
			buildSettings = {
				ASSETCATALOG_COMPILER_APPICON_NAME = AppIcon;
				CODE_SIGN_IDENTITY = "iPhone Developer";
				INFOPLIST_FILE = Homepwner/Info.plist;
				LD_RUNPATH_SEARCH_PATHS = "$(inherited) @executable_path/Frameworks";
				PRODUCT_NAME = "$(TARGET_NAME)";
				TARGETED_DEVICE_FAMILY = "1,2";
			};
			name = Debug;
		};
		C4B135D51A50AF4B0083E2C0 /* Release */ = {
			isa = XCBuildConfiguration;
			buildSettings = {
				ASSETCATALOG_COMPILER_APPICON_NAME = AppIcon;
				CODE_SIGN_IDENTITY = "iPhone Developer";
				INFOPLIST_FILE = Homepwner/Info.plist;
				LD_RUNPATH_SEARCH_PATHS = "$(inherited) @executable_path/Frameworks";
				PRODUCT_NAME = "$(TARGET_NAME)";
				TARGETED_DEVICE_FAMILY = "1,2";
			};
			name = Release;
		};
		C4B135D71A50AF4B0083E2C0 /* Debug */ = {
			isa = XCBuildConfiguration;
			buildSettings = {
				BUNDLE_LOADER = "$(TEST_HOST)";
				FRAMEWORK_SEARCH_PATHS = (
					"$(SDKROOT)/Developer/Library/Frameworks",
					"$(inherited)",
				);
				GCC_PREPROCESSOR_DEFINITIONS = (
					"DEBUG=1",
					"$(inherited)",
				);
				INFOPLIST_FILE = HomepwnerTests/Info.plist;
				LD_RUNPATH_SEARCH_PATHS = "$(inherited) @executable_path/Frameworks @loader_path/Frameworks";
				PRODUCT_NAME = "$(TARGET_NAME)";
				TEST_HOST = "$(BUILT_PRODUCTS_DIR)/Homepwner.app/Homepwner";
			};
			name = Debug;
		};
		C4B135D81A50AF4B0083E2C0 /* Release */ = {
			isa = XCBuildConfiguration;
			buildSettings = {
				BUNDLE_LOADER = "$(TEST_HOST)";
				FRAMEWORK_SEARCH_PATHS = (
					"$(SDKROOT)/Developer/Library/Frameworks",
					"$(inherited)",
				);
				INFOPLIST_FILE = HomepwnerTests/Info.plist;
				LD_RUNPATH_SEARCH_PATHS = "$(inherited) @executable_path/Frameworks @loader_path/Frameworks";
				PRODUCT_NAME = "$(TARGET_NAME)";
				TEST_HOST = "$(BUILT_PRODUCTS_DIR)/Homepwner.app/Homepwner";
			};
			name = Release;
		};
/* End XCBuildConfiguration section */

/* Begin XCConfigurationList section */
		C4B135AB1A50AF4B0083E2C0 /* Build configuration list for PBXProject "Homepwner" */ = {
			isa = XCConfigurationList;
			buildConfigurations = (
				C4B135D11A50AF4B0083E2C0 /* Debug */,
				C4B135D21A50AF4B0083E2C0 /* Release */,
			);
			defaultConfigurationIsVisible = 0;
			defaultConfigurationName = Release;
		};
		C4B135D31A50AF4B0083E2C0 /* Build configuration list for PBXNativeTarget "Homepwner" */ = {
			isa = XCConfigurationList;
			buildConfigurations = (
				C4B135D41A50AF4B0083E2C0 /* Debug */,
				C4B135D51A50AF4B0083E2C0 /* Release */,
			);
			defaultConfigurationIsVisible = 0;
			defaultConfigurationName = Release;
		};
		C4B135D61A50AF4B0083E2C0 /* Build configuration list for PBXNativeTarget "HomepwnerTests" */ = {
			isa = XCConfigurationList;
			buildConfigurations = (
				C4B135D71A50AF4B0083E2C0 /* Debug */,
				C4B135D81A50AF4B0083E2C0 /* Release */,
			);
			defaultConfigurationIsVisible = 0;
			defaultConfigurationName = Release;
		};
/* End XCConfigurationList section */
	};
	rootObject = C4B135A81A50AF4B0083E2C0 /* Project object */;
}
